
Microsoft Visual Studio Solution File, Format Version 12.00
# Visual Studio 15
VisualStudioVersion = 15.0.26430.12
MinimumVisualStudioVersion = 10.0.40219.1
Project("{FAE04EC0-301F-11D3-BF4B-00C04F79EFBC}") = "SWMSoftMockUp.Android", "SWMSoftMockUp\SWMSoftMockUp.Android\SWMSoftMockUp.Android.csproj", "{792E9420-AB0C-48FB-846C-DFE821461E76}"
EndProject
Project("{FAE04EC0-301F-11D3-BF4B-00C04F79EFBC}") = "SWMSoftMockUp", "SWMSoftMockUp\SWMSoftMockUp\SWMSoftMockUp.csproj", "{565DD93E-445E-4197-8569-467AF9D71753}"
EndProject
Project("{FAE04EC0-301F-11D3-BF4B-00C04F79EFBC}") = "SWMSoftMockUp.UWP", "SWMSoftMockUp\SWMSoftMockUp.UWP\SWMSoftMockUp.UWP.csproj", "{9C4335E4-B6E4-4691-9092-7B1A2D57CE7F}"
EndProject
Project("{FAE04EC0-301F-11D3-BF4B-00C04F79EFBC}") = "SWMSoftMockUp.iOS", "SWMSoftMockUp\SWMSoftMockUp.iOS\SWMSoftMockUp.iOS.csproj", "{9EBD2E32-98A6-4D3A-865C-6B2AD697434C}"
EndProject
Global
	GlobalSection(SolutionConfigurationPlatforms) = preSolution
		Ad-Hoc|Any CPU = Ad-Hoc|Any CPU
		Ad-Hoc|ARM = Ad-Hoc|ARM
		Ad-Hoc|iPhone = Ad-Hoc|iPhone
		Ad-Hoc|iPhoneSimulator = Ad-Hoc|iPhoneSimulator
		Ad-Hoc|x64 = Ad-Hoc|x64
		Ad-Hoc|x86 = Ad-Hoc|x86
		AppStore|Any CPU = AppStore|Any CPU
		AppStore|ARM = AppStore|ARM
		AppStore|iPhone = AppStore|iPhone
		AppStore|iPhoneSimulator = AppStore|iPhoneSimulator
		AppStore|x64 = AppStore|x64
		AppStore|x86 = AppStore|x86
		Debug|Any CPU = Debug|Any CPU
		Debug|ARM = Debug|ARM
		Debug|iPhone = Debug|iPhone
		Debug|iPhoneSimulator = Debug|iPhoneSimulator
		Debug|x64 = Debug|x64
		Debug|x86 = Debug|x86
		Release|Any CPU = Release|Any CPU
		Release|ARM = Release|ARM
		Release|iPhone = Release|iPhone
		Release|iPhoneSimulator = Release|iPhoneSimulator
		Release|x64 = Release|x64
		Release|x86 = Release|x86
	EndGlobalSection
	GlobalSection(ProjectConfigurationPlatforms) = postSolution
		{792E9420-AB0C-48FB-846C-DFE821461E76}.Ad-Hoc|Any CPU.ActiveCfg = Release|Any CPU
		{792E9420-AB0C-48FB-846C-DFE821461E76}.Ad-Hoc|Any CPU.Build.0 = Release|Any CPU
		{792E9420-AB0C-48FB-846C-DFE821461E76}.Ad-Hoc|Any CPU.Deploy.0 = Release|Any CPU
		{792E9420-AB0C-48FB-846C-DFE821461E76}.Ad-Hoc|ARM.ActiveCfg = Release|Any CPU
		{792E9420-AB0C-48FB-846C-DFE821461E76}.Ad-Hoc|ARM.Build.0 = Release|Any CPU
		{792E9420-AB0C-48FB-846C-DFE821461E76}.Ad-Hoc|ARM.Deploy.0 = Release|Any CPU
		{792E9420-AB0C-48FB-846C-DFE821461E76}.Ad-Hoc|iPhone.ActiveCfg = Release|Any CPU
		{792E9420-AB0C-48FB-846C-DFE821461E76}.Ad-Hoc|iPhone.Build.0 = Release|Any CPU
		{792E9420-AB0C-48FB-846C-DFE821461E76}.Ad-Hoc|iPhone.Deploy.0 = Release|Any CPU
		{792E9420-AB0C-48FB-846C-DFE821461E76}.Ad-Hoc|iPhoneSimulator.ActiveCfg = Release|Any CPU
		{792E9420-AB0C-48FB-846C-DFE821461E76}.Ad-Hoc|iPhoneSimulator.Build.0 = Release|Any CPU
		{792E9420-AB0C-48FB-846C-DFE821461E76}.Ad-Hoc|iPhoneSimulator.Deploy.0 = Release|Any CPU
		{792E9420-AB0C-48FB-846C-DFE821461E76}.Ad-Hoc|x64.ActiveCfg = Release|Any CPU
		{792E9420-AB0C-48FB-846C-DFE821461E76}.Ad-Hoc|x64.Build.0 = Release|Any CPU
		{792E9420-AB0C-48FB-846C-DFE821461E76}.Ad-Hoc|x64.Deploy.0 = Release|Any CPU
		{792E9420-AB0C-48FB-846C-DFE821461E76}.Ad-Hoc|x86.ActiveCfg = Release|Any CPU
		{792E9420-AB0C-48FB-846C-DFE821461E76}.Ad-Hoc|x86.Build.0 = Release|Any CPU
		{792E9420-AB0C-48FB-846C-DFE821461E76}.Ad-Hoc|x86.Deploy.0 = Release|Any CPU
		{792E9420-AB0C-48FB-846C-DFE821461E76}.AppStore|Any CPU.ActiveCfg = Release|Any CPU
		{792E9420-AB0C-48FB-846C-DFE821461E76}.AppStore|Any CPU.Build.0 = Release|Any CPU
		{792E9420-AB0C-48FB-846C-DFE821461E76}.AppStore|Any CPU.Deploy.0 = Release|Any CPU
		{792E9420-AB0C-48FB-846C-DFE821461E76}.AppStore|ARM.ActiveCfg = Release|Any CPU
		{792E9420-AB0C-48FB-846C-DFE821461E76}.AppStore|ARM.Build.0 = Release|Any CPU
		{792E9420-AB0C-48FB-846C-DFE821461E76}.AppStore|ARM.Deploy.0 = Release|Any CPU
		{792E9420-AB0C-48FB-846C-DFE821461E76}.AppStore|iPhone.ActiveCfg = Release|Any CPU
		{792E9420-AB0C-48FB-846C-DFE821461E76}.AppStore|iPhone.Build.0 = Release|Any CPU
		{792E9420-AB0C-48FB-846C-DFE821461E76}.AppStore|iPhone.Deploy.0 = Release|Any CPU
		{792E9420-AB0C-48FB-846C-DFE821461E76}.AppStore|iPhoneSimulator.ActiveCfg = Release|Any CPU
		{792E9420-AB0C-48FB-846C-DFE821461E76}.AppStore|iPhoneSimulator.Build.0 = Release|Any CPU
		{792E9420-AB0C-48FB-846C-DFE821461E76}.AppStore|iPhoneSimulator.Deploy.0 = Release|Any CPU
		{792E9420-AB0C-48FB-846C-DFE821461E76}.AppStore|x64.ActiveCfg = Release|Any CPU
		{792E9420-AB0C-48FB-846C-DFE821461E76}.AppStore|x64.Build.0 = Release|Any CPU
		{792E9420-AB0C-48FB-846C-DFE821461E76}.AppStore|x64.Deploy.0 = Release|Any CPU
		{792E9420-AB0C-48FB-846C-DFE821461E76}.AppStore|x86.ActiveCfg = Release|Any CPU
		{792E9420-AB0C-48FB-846C-DFE821461E76}.AppStore|x86.Build.0 = Release|Any CPU
		{792E9420-AB0C-48FB-846C-DFE821461E76}.AppStore|x86.Deploy.0 = Release|Any CPU
		{792E9420-AB0C-48FB-846C-DFE821461E76}.Debug|Any CPU.ActiveCfg = Debug|Any CPU
		{792E9420-AB0C-48FB-846C-DFE821461E76}.Debug|Any CPU.Build.0 = Debug|Any CPU
		{792E9420-AB0C-48FB-846C-DFE821461E76}.Debug|Any CPU.Deploy.0 = Debug|Any CPU
		{792E9420-AB0C-48FB-846C-DFE821461E76}.Debug|ARM.ActiveCfg = Debug|Any CPU
		{792E9420-AB0C-48FB-846C-DFE821461E76}.Debug|ARM.Build.0 = Debug|Any CPU
		{792E9420-AB0C-48FB-846C-DFE821461E76}.Debug|ARM.Deploy.0 = Debug|Any CPU
		{792E9420-AB0C-48FB-846C-DFE821461E76}.Debug|iPhone.ActiveCfg = Debug|Any CPU
		{792E9420-AB0C-48FB-846C-DFE821461E76}.Debug|iPhone.Build.0 = Debug|Any CPU
		{792E9420-AB0C-48FB-846C-DFE821461E76}.Debug|iPhone.Deploy.0 = Debug|Any CPU
		{792E9420-AB0C-48FB-846C-DFE821461E76}.Debug|iPhoneSimulator.ActiveCfg = Debug|Any CPU
		{792E9420-AB0C-48FB-846C-DFE821461E76}.Debug|iPhoneSimulator.Build.0 = Debug|Any CPU
		{792E9420-AB0C-48FB-846C-DFE821461E76}.Debug|iPhoneSimulator.Deploy.0 = Debug|Any CPU
		{792E9420-AB0C-48FB-846C-DFE821461E76}.Debug|x64.ActiveCfg = Debug|Any CPU
		{792E9420-AB0C-48FB-846C-DFE821461E76}.Debug|x64.Build.0 = Debug|Any CPU
		{792E9420-AB0C-48FB-846C-DFE821461E76}.Debug|x64.Deploy.0 = Debug|Any CPU
		{792E9420-AB0C-48FB-846C-DFE821461E76}.Debug|x86.ActiveCfg = Debug|Any CPU
		{792E9420-AB0C-48FB-846C-DFE821461E76}.Debug|x86.Build.0 = Debug|Any CPU
		{792E9420-AB0C-48FB-846C-DFE821461E76}.Debug|x86.Deploy.0 = Debug|Any CPU
		{792E9420-AB0C-48FB-846C-DFE821461E76}.Release|Any CPU.ActiveCfg = Release|Any CPU
		{792E9420-AB0C-48FB-846C-DFE821461E76}.Release|Any CPU.Build.0 = Release|Any CPU
		{792E9420-AB0C-48FB-846C-DFE821461E76}.Release|Any CPU.Deploy.0 = Release|Any CPU
		{792E9420-AB0C-48FB-846C-DFE821461E76}.Release|ARM.ActiveCfg = Release|Any CPU
		{792E9420-AB0C-48FB-846C-DFE821461E76}.Release|ARM.Build.0 = Release|Any CPU
		{792E9420-AB0C-48FB-846C-DFE821461E76}.Release|ARM.Deploy.0 = Release|Any CPU
		{792E9420-AB0C-48FB-846C-DFE821461E76}.Release|iPhone.ActiveCfg = Release|Any CPU
		{792E9420-AB0C-48FB-846C-DFE821461E76}.Release|iPhone.Build.0 = Release|Any CPU
		{792E9420-AB0C-48FB-846C-DFE821461E76}.Release|iPhone.Deploy.0 = Release|Any CPU
		{792E9420-AB0C-48FB-846C-DFE821461E76}.Release|iPhoneSimulator.ActiveCfg = Release|Any CPU
		{792E9420-AB0C-48FB-846C-DFE821461E76}.Release|iPhoneSimulator.Build.0 = Release|Any CPU
		{792E9420-AB0C-48FB-846C-DFE821461E76}.Release|iPhoneSimulator.Deploy.0 = Release|Any CPU
		{792E9420-AB0C-48FB-846C-DFE821461E76}.Release|x64.ActiveCfg = Release|Any CPU
		{792E9420-AB0C-48FB-846C-DFE821461E76}.Release|x64.Build.0 = Release|Any CPU
		{792E9420-AB0C-48FB-846C-DFE821461E76}.Release|x64.Deploy.0 = Release|Any CPU
		{792E9420-AB0C-48FB-846C-DFE821461E76}.Release|x86.ActiveCfg = Release|Any CPU
		{792E9420-AB0C-48FB-846C-DFE821461E76}.Release|x86.Build.0 = Release|Any CPU
		{792E9420-AB0C-48FB-846C-DFE821461E76}.Release|x86.Deploy.0 = Release|Any CPU
		{565DD93E-445E-4197-8569-467AF9D71753}.Ad-Hoc|Any CPU.ActiveCfg = Release|Any CPU
		{565DD93E-445E-4197-8569-467AF9D71753}.Ad-Hoc|Any CPU.Build.0 = Release|Any CPU
		{565DD93E-445E-4197-8569-467AF9D71753}.Ad-Hoc|ARM.ActiveCfg = Release|Any CPU
		{565DD93E-445E-4197-8569-467AF9D71753}.Ad-Hoc|ARM.Build.0 = Release|Any CPU
		{565DD93E-445E-4197-8569-467AF9D71753}.Ad-Hoc|iPhone.ActiveCfg = Release|Any CPU
		{565DD93E-445E-4197-8569-467AF9D71753}.Ad-Hoc|iPhone.Build.0 = Release|Any CPU
		{565DD93E-445E-4197-8569-467AF9D71753}.Ad-Hoc|iPhoneSimulator.ActiveCfg = Release|Any CPU
		{565DD93E-445E-4197-8569-467AF9D71753}.Ad-Hoc|iPhoneSimulator.Build.0 = Release|Any CPU
		{565DD93E-445E-4197-8569-467AF9D71753}.Ad-Hoc|x64.ActiveCfg = Release|Any CPU
		{565DD93E-445E-4197-8569-467AF9D71753}.Ad-Hoc|x64.Build.0 = Release|Any CPU
		{565DD93E-445E-4197-8569-467AF9D71753}.Ad-Hoc|x86.ActiveCfg = Release|Any CPU
		{565DD93E-445E-4197-8569-467AF9D71753}.Ad-Hoc|x86.Build.0 = Release|Any CPU
		{565DD93E-445E-4197-8569-467AF9D71753}.AppStore|Any CPU.ActiveCfg = Release|Any CPU
		{565DD93E-445E-4197-8569-467AF9D71753}.AppStore|Any CPU.Build.0 = Release|Any CPU
		{565DD93E-445E-4197-8569-467AF9D71753}.AppStore|ARM.ActiveCfg = Release|Any CPU
		{565DD93E-445E-4197-8569-467AF9D71753}.AppStore|ARM.Build.0 = Release|Any CPU
		{565DD93E-445E-4197-8569-467AF9D71753}.AppStore|iPhone.ActiveCfg = Release|Any CPU
		{565DD93E-445E-4197-8569-467AF9D71753}.AppStore|iPhone.Build.0 = Release|Any CPU
		{565DD93E-445E-4197-8569-467AF9D71753}.AppStore|iPhoneSimulator.ActiveCfg = Release|Any CPU
		{565DD93E-445E-4197-8569-467AF9D71753}.AppStore|iPhoneSimulator.Build.0 = Release|Any CPU
		{565DD93E-445E-4197-8569-467AF9D71753}.AppStore|x64.ActiveCfg = Release|Any CPU
		{565DD93E-445E-4197-8569-467AF9D71753}.AppStore|x64.Build.0 = Release|Any CPU
		{565DD93E-445E-4197-8569-467AF9D71753}.AppStore|x86.ActiveCfg = Release|Any CPU
		{565DD93E-445E-4197-8569-467AF9D71753}.AppStore|x86.Build.0 = Release|Any CPU
		{565DD93E-445E-4197-8569-467AF9D71753}.Debug|Any CPU.ActiveCfg = Debug|Any CPU
		{565DD93E-445E-4197-8569-467AF9D71753}.Debug|Any CPU.Build.0 = Debug|Any CPU
		{565DD93E-445E-4197-8569-467AF9D71753}.Debug|ARM.ActiveCfg = Debug|Any CPU
		{565DD93E-445E-4197-8569-467AF9D71753}.Debug|ARM.Build.0 = Debug|Any CPU
		{565DD93E-445E-4197-8569-467AF9D71753}.Debug|iPhone.ActiveCfg = Debug|Any CPU
		{565DD93E-445E-4197-8569-467AF9D71753}.Debug|iPhone.Build.0 = Debug|Any CPU
		{565DD93E-445E-4197-8569-467AF9D71753}.Debug|iPhoneSimulator.ActiveCfg = Debug|Any CPU
		{565DD93E-445E-4197-8569-467AF9D71753}.Debug|iPhoneSimulator.Build.0 = Debug|Any CPU
		{565DD93E-445E-4197-8569-467AF9D71753}.Debug|x64.ActiveCfg = Debug|Any CPU
		{565DD93E-445E-4197-8569-467AF9D71753}.Debug|x64.Build.0 = Debug|Any CPU
		{565DD93E-445E-4197-8569-467AF9D71753}.Debug|x86.ActiveCfg = Debug|Any CPU
		{565DD93E-445E-4197-8569-467AF9D71753}.Debug|x86.Build.0 = Debug|Any CPU
		{565DD93E-445E-4197-8569-467AF9D71753}.Release|Any CPU.ActiveCfg = Release|Any CPU
		{565DD93E-445E-4197-8569-467AF9D71753}.Release|Any CPU.Build.0 = Release|Any CPU
		{565DD93E-445E-4197-8569-467AF9D71753}.Release|ARM.ActiveCfg = Release|Any CPU
		{565DD93E-445E-4197-8569-467AF9D71753}.Release|ARM.Build.0 = Release|Any CPU
		{565DD93E-445E-4197-8569-467AF9D71753}.Release|iPhone.ActiveCfg = Release|Any CPU
		{565DD93E-445E-4197-8569-467AF9D71753}.Release|iPhone.Build.0 = Release|Any CPU
		{565DD93E-445E-4197-8569-467AF9D71753}.Release|iPhoneSimulator.ActiveCfg = Release|Any CPU
		{565DD93E-445E-4197-8569-467AF9D71753}.Release|iPhoneSimulator.Build.0 = Release|Any CPU
		{565DD93E-445E-4197-8569-467AF9D71753}.Release|x64.ActiveCfg = Release|Any CPU
		{565DD93E-445E-4197-8569-467AF9D71753}.Release|x64.Build.0 = Release|Any CPU
		{565DD93E-445E-4197-8569-467AF9D71753}.Release|x86.ActiveCfg = Release|Any CPU
		{565DD93E-445E-4197-8569-467AF9D71753}.Release|x86.Build.0 = Release|Any CPU
		{9C4335E4-B6E4-4691-9092-7B1A2D57CE7F}.Ad-Hoc|Any CPU.ActiveCfg = Release|x86
		{9C4335E4-B6E4-4691-9092-7B1A2D57CE7F}.Ad-Hoc|Any CPU.Build.0 = Release|x86
		{9C4335E4-B6E4-4691-9092-7B1A2D57CE7F}.Ad-Hoc|Any CPU.Deploy.0 = Release|x86
		{9C4335E4-B6E4-4691-9092-7B1A2D57CE7F}.Ad-Hoc|ARM.ActiveCfg = Release|ARM
		{9C4335E4-B6E4-4691-9092-7B1A2D57CE7F}.Ad-Hoc|ARM.Build.0 = Release|ARM
		{9C4335E4-B6E4-4691-9092-7B1A2D57CE7F}.Ad-Hoc|ARM.Deploy.0 = Release|ARM
		{9C4335E4-B6E4-4691-9092-7B1A2D57CE7F}.Ad-Hoc|iPhone.ActiveCfg = Release|x86
		{9C4335E4-B6E4-4691-9092-7B1A2D57CE7F}.Ad-Hoc|iPhone.Build.0 = Release|x86
		{9C4335E4-B6E4-4691-9092-7B1A2D57CE7F}.Ad-Hoc|iPhone.Deploy.0 = Release|x86
		{9C4335E4-B6E4-4691-9092-7B1A2D57CE7F}.Ad-Hoc|iPhoneSimulator.ActiveCfg = Release|x86
		{9C4335E4-B6E4-4691-9092-7B1A2D57CE7F}.Ad-Hoc|iPhoneSimulator.Build.0 = Release|x86
		{9C4335E4-B6E4-4691-9092-7B1A2D57CE7F}.Ad-Hoc|iPhoneSimulator.Deploy.0 = Release|x86
		{9C4335E4-B6E4-4691-9092-7B1A2D57CE7F}.Ad-Hoc|x64.ActiveCfg = Release|x64
		{9C4335E4-B6E4-4691-9092-7B1A2D57CE7F}.Ad-Hoc|x64.Build.0 = Release|x64
		{9C4335E4-B6E4-4691-9092-7B1A2D57CE7F}.Ad-Hoc|x64.Deploy.0 = Release|x64
		{9C4335E4-B6E4-4691-9092-7B1A2D57CE7F}.Ad-Hoc|x86.ActiveCfg = Release|x86
		{9C4335E4-B6E4-4691-9092-7B1A2D57CE7F}.Ad-Hoc|x86.Build.0 = Release|x86
		{9C4335E4-B6E4-4691-9092-7B1A2D57CE7F}.Ad-Hoc|x86.Deploy.0 = Release|x86
		{9C4335E4-B6E4-4691-9092-7B1A2D57CE7F}.AppStore|Any CPU.ActiveCfg = Release|x86
		{9C4335E4-B6E4-4691-9092-7B1A2D57CE7F}.AppStore|Any CPU.Build.0 = Release|x86
		{9C4335E4-B6E4-4691-9092-7B1A2D57CE7F}.AppStore|Any CPU.Deploy.0 = Release|x86
		{9C4335E4-B6E4-4691-9092-7B1A2D57CE7F}.AppStore|ARM.ActiveCfg = Release|ARM
		{9C4335E4-B6E4-4691-9092-7B1A2D57CE7F}.AppStore|ARM.Build.0 = Release|ARM
		{9C4335E4-B6E4-4691-9092-7B1A2D57CE7F}.AppStore|ARM.Deploy.0 = Release|ARM
		{9C4335E4-B6E4-4691-9092-7B1A2D57CE7F}.AppStore|iPhone.ActiveCfg = Release|x86
		{9C4335E4-B6E4-4691-9092-7B1A2D57CE7F}.AppStore|iPhone.Build.0 = Release|x86
		{9C4335E4-B6E4-4691-9092-7B1A2D57CE7F}.AppStore|iPhone.Deploy.0 = Release|x86
		{9C4335E4-B6E4-4691-9092-7B1A2D57CE7F}.AppStore|iPhoneSimulator.ActiveCfg = Release|x86
		{9C4335E4-B6E4-4691-9092-7B1A2D57CE7F}.AppStore|iPhoneSimulator.Build.0 = Release|x86
		{9C4335E4-B6E4-4691-9092-7B1A2D57CE7F}.AppStore|iPhoneSimulator.Deploy.0 = Release|x86
		{9C4335E4-B6E4-4691-9092-7B1A2D57CE7F}.AppStore|x64.ActiveCfg = Release|x64
		{9C4335E4-B6E4-4691-9092-7B1A2D57CE7F}.AppStore|x64.Build.0 = Release|x64
		{9C4335E4-B6E4-4691-9092-7B1A2D57CE7F}.AppStore|x64.Deploy.0 = Release|x64
		{9C4335E4-B6E4-4691-9092-7B1A2D57CE7F}.AppStore|x86.ActiveCfg = Release|x86
		{9C4335E4-B6E4-4691-9092-7B1A2D57CE7F}.AppStore|x86.Build.0 = Release|x86
		{9C4335E4-B6E4-4691-9092-7B1A2D57CE7F}.AppStore|x86.Deploy.0 = Release|x86
		{9C4335E4-B6E4-4691-9092-7B1A2D57CE7F}.Debug|Any CPU.ActiveCfg = Debug|x86
		{9C4335E4-B6E4-4691-9092-7B1A2D57CE7F}.Debug|ARM.ActiveCfg = Debug|ARM
		{9C4335E4-B6E4-4691-9092-7B1A2D57CE7F}.Debug|ARM.Build.0 = Debug|ARM
		{9C4335E4-B6E4-4691-9092-7B1A2D57CE7F}.Debug|ARM.Deploy.0 = Debug|ARM
		{9C4335E4-B6E4-4691-9092-7B1A2D57CE7F}.Debug|iPhone.ActiveCfg = Debug|x86
		{9C4335E4-B6E4-4691-9092-7B1A2D57CE7F}.Debug|iPhoneSimulator.ActiveCfg = Debug|x86
		{9C4335E4-B6E4-4691-9092-7B1A2D57CE7F}.Debug|x64.ActiveCfg = Debug|x64
		{9C4335E4-B6E4-4691-9092-7B1A2D57CE7F}.Debug|x64.Build.0 = Debug|x64
		{9C4335E4-B6E4-4691-9092-7B1A2D57CE7F}.Debug|x64.Deploy.0 = Debug|x64
		{9C4335E4-B6E4-4691-9092-7B1A2D57CE7F}.Debug|x86.ActiveCfg = Debug|x86
		{9C4335E4-B6E4-4691-9092-7B1A2D57CE7F}.Debug|x86.Build.0 = Debug|x86
		{9C4335E4-B6E4-4691-9092-7B1A2D57CE7F}.Debug|x86.Deploy.0 = Debug|x86
		{9C4335E4-B6E4-4691-9092-7B1A2D57CE7F}.Release|Any CPU.ActiveCfg = Release|x86
		{9C4335E4-B6E4-4691-9092-7B1A2D57CE7F}.Release|ARM.ActiveCfg = Release|ARM
		{9C4335E4-B6E4-4691-9092-7B1A2D57CE7F}.Release|ARM.Build.0 = Release|ARM
		{9C4335E4-B6E4-4691-9092-7B1A2D57CE7F}.Release|ARM.Deploy.0 = Release|ARM
		{9C4335E4-B6E4-4691-9092-7B1A2D57CE7F}.Release|iPhone.ActiveCfg = Release|x86
		{9C4335E4-B6E4-4691-9092-7B1A2D57CE7F}.Release|iPhoneSimulator.ActiveCfg = Release|x86
		{9C4335E4-B6E4-4691-9092-7B1A2D57CE7F}.Release|x64.ActiveCfg = Release|x64
		{9C4335E4-B6E4-4691-9092-7B1A2D57CE7F}.Release|x64.Build.0 = Release|x64
		{9C4335E4-B6E4-4691-9092-7B1A2D57CE7F}.Release|x64.Deploy.0 = Release|x64
		{9C4335E4-B6E4-4691-9092-7B1A2D57CE7F}.Release|x86.ActiveCfg = Release|x86
		{9C4335E4-B6E4-4691-9092-7B1A2D57CE7F}.Release|x86.Build.0 = Release|x86
		{9C4335E4-B6E4-4691-9092-7B1A2D57CE7F}.Release|x86.Deploy.0 = Release|x86
		{9EBD2E32-98A6-4D3A-865C-6B2AD697434C}.Ad-Hoc|Any CPU.ActiveCfg = Ad-Hoc|iPhone
		{9EBD2E32-98A6-4D3A-865C-6B2AD697434C}.Ad-Hoc|ARM.ActiveCfg = Ad-Hoc|iPhone
		{9EBD2E32-98A6-4D3A-865C-6B2AD697434C}.Ad-Hoc|iPhone.ActiveCfg = Ad-Hoc|iPhone
		{9EBD2E32-98A6-4D3A-865C-6B2AD697434C}.Ad-Hoc|iPhone.Build.0 = Ad-Hoc|iPhone
		{9EBD2E32-98A6-4D3A-865C-6B2AD697434C}.Ad-Hoc|iPhoneSimulator.ActiveCfg = Ad-Hoc|iPhoneSimulator
		{9EBD2E32-98A6-4D3A-865C-6B2AD697434C}.Ad-Hoc|iPhoneSimulator.Build.0 = Ad-Hoc|iPhoneSimulator
		{9EBD2E32-98A6-4D3A-865C-6B2AD697434C}.Ad-Hoc|x64.ActiveCfg = Ad-Hoc|iPhone
		{9EBD2E32-98A6-4D3A-865C-6B2AD697434C}.Ad-Hoc|x86.ActiveCfg = Ad-Hoc|iPhone
		{9EBD2E32-98A6-4D3A-865C-6B2AD697434C}.AppStore|Any CPU.ActiveCfg = AppStore|iPhone
		{9EBD2E32-98A6-4D3A-865C-6B2AD697434C}.AppStore|ARM.ActiveCfg = AppStore|iPhone
		{9EBD2E32-98A6-4D3A-865C-6B2AD697434C}.AppStore|iPhone.ActiveCfg = AppStore|iPhone
		{9EBD2E32-98A6-4D3A-865C-6B2AD697434C}.AppStore|iPhone.Build.0 = AppStore|iPhone
		{9EBD2E32-98A6-4D3A-865C-6B2AD697434C}.AppStore|iPhoneSimulator.ActiveCfg = AppStore|iPhoneSimulator
		{9EBD2E32-98A6-4D3A-865C-6B2AD697434C}.AppStore|iPhoneSimulator.Build.0 = AppStore|iPhoneSimulator
		{9EBD2E32-98A6-4D3A-865C-6B2AD697434C}.AppStore|x64.ActiveCfg = AppStore|iPhone
		{9EBD2E32-98A6-4D3A-865C-6B2AD697434C}.AppStore|x86.ActiveCfg = AppStore|iPhone
		{9EBD2E32-98A6-4D3A-865C-6B2AD697434C}.Debug|Any CPU.ActiveCfg = Debug|iPhone
		{9EBD2E32-98A6-4D3A-865C-6B2AD697434C}.Debug|ARM.ActiveCfg = Debug|iPhone
		{9EBD2E32-98A6-4D3A-865C-6B2AD697434C}.Debug|iPhone.ActiveCfg = Debug|iPhone
		{9EBD2E32-98A6-4D3A-865C-6B2AD697434C}.Debug|iPhone.Build.0 = Debug|iPhone
		{9EBD2E32-98A6-4D3A-865C-6B2AD697434C}.Debug|iPhoneSimulator.ActiveCfg = Debug|iPhoneSimulator
		{9EBD2E32-98A6-4D3A-865C-6B2AD697434C}.Debug|iPhoneSimulator.Build.0 = Debug|iPhoneSimulator
		{9EBD2E32-98A6-4D3A-865C-6B2AD697434C}.Debug|x64.ActiveCfg = Debug|iPhone
		{9EBD2E32-98A6-4D3A-865C-6B2AD697434C}.Debug|x86.ActiveCfg = Debug|iPhone
		{9EBD2E32-98A6-4D3A-865C-6B2AD697434C}.Release|Any CPU.ActiveCfg = Release|iPhone
		{9EBD2E32-98A6-4D3A-865C-6B2AD697434C}.Release|ARM.ActiveCfg = Release|iPhone
		{9EBD2E32-98A6-4D3A-865C-6B2AD697434C}.Release|iPhone.ActiveCfg = Release|iPhone
		{9EBD2E32-98A6-4D3A-865C-6B2AD697434C}.Release|iPhone.Build.0 = Release|iPhone
		{9EBD2E32-98A6-4D3A-865C-6B2AD697434C}.Release|iPhoneSimulator.ActiveCfg = Release|iPhoneSimulator
		{9EBD2E32-98A6-4D3A-865C-6B2AD697434C}.Release|iPhoneSimulator.Build.0 = Release|iPhoneSimulator
		{9EBD2E32-98A6-4D3A-865C-6B2AD697434C}.Release|x64.ActiveCfg = Release|iPhone
		{9EBD2E32-98A6-4D3A-865C-6B2AD697434C}.Release|x86.ActiveCfg = Release|iPhone
	EndGlobalSection
	GlobalSection(SolutionProperties) = preSolution
		HideSolutionNode = FALSE
	EndGlobalSection
EndGlobal
